
Microsoft Visual Studio Solution File, Format Version 12.00
# Visual Studio Version 16
VisualStudioVersion = 16.0.32602.291
MinimumVisualStudioVersion = 10.0.40219.1
Project("{9A19103F-16F7-4668-BE54-9A1E7A4F7556}") = "TheBookSpot", "TheBookSpot\TheBookSpot.csproj", "{07CB4143-4EC1-4A8E-A6D5-D983B12D97A0}"
EndProject
Project("{9A19103F-16F7-4668-BE54-9A1E7A4F7556}") = "TheBookSpot.DataAccess", "TheBookSpot.DataAccess\TheBookSpot.DataAccess.csproj", "{8F7D5431-FC61-47DA-B2D2-03770C91C6A5}"
EndProject
Project("{9A19103F-16F7-4668-BE54-9A1E7A4F7556}") = "TheBookSpot.Models", "TheBookSpot.Models\TheBookSpot.Models.csproj", "{04477914-1A05-48F9-A5B9-81CB2D958F15}"
EndProject
Project("{9A19103F-16F7-4668-BE54-9A1E7A4F7556}") = "TheBookSpot.Utility", "TheBookSpot.Utility\TheBookSpot.Utility.csproj", "{EC2C42C4-4979-48C7-90EC-21F987D5A4E1}"
EndProject
Global
	GlobalSection(SolutionConfigurationPlatforms) = preSolution
		Debug|Any CPU = Debug|Any CPU
		Release|Any CPU = Release|Any CPU
	EndGlobalSection
	GlobalSection(ProjectConfigurationPlatforms) = postSolution
		{07CB4143-4EC1-4A8E-A6D5-D983B12D97A0}.Debug|Any CPU.ActiveCfg = Debug|Any CPU
		{07CB4143-4EC1-4A8E-A6D5-D983B12D97A0}.Debug|Any CPU.Build.0 = Debug|Any CPU
		{07CB4143-4EC1-4A8E-A6D5-D983B12D97A0}.Release|Any CPU.ActiveCfg = Release|Any CPU
		{07CB4143-4EC1-4A8E-A6D5-D983B12D97A0}.Release|Any CPU.Build.0 = Release|Any CPU
		{8F7D5431-FC61-47DA-B2D2-03770C91C6A5}.Debug|Any CPU.ActiveCfg = Debug|Any CPU
		{8F7D5431-FC61-47DA-B2D2-03770C91C6A5}.Debug|Any CPU.Build.0 = Debug|Any CPU
		{8F7D5431-FC61-47DA-B2D2-03770C91C6A5}.Release|Any CPU.ActiveCfg = Release|Any CPU
		{8F7D5431-FC61-47DA-B2D2-03770C91C6A5}.Release|Any CPU.Build.0 = Release|Any CPU
		{04477914-1A05-48F9-A5B9-81CB2D958F15}.Debug|Any CPU.ActiveCfg = Debug|Any CPU
		{04477914-1A05-48F9-A5B9-81CB2D958F15}.Debug|Any CPU.Build.0 = Debug|Any CPU
		{04477914-1A05-48F9-A5B9-81CB2D958F15}.Release|Any CPU.ActiveCfg = Release|Any CPU
		{04477914-1A05-48F9-A5B9-81CB2D958F15}.Release|Any CPU.Build.0 = Release|Any CPU
		{EC2C42C4-4979-48C7-90EC-21F987D5A4E1}.Debug|Any CPU.ActiveCfg = Debug|Any CPU
		{EC2C42C4-4979-48C7-90EC-21F987D5A4E1}.Debug|Any CPU.Build.0 = Debug|Any CPU
		{EC2C42C4-4979-48C7-90EC-21F987D5A4E1}.Release|Any CPU.ActiveCfg = Release|Any CPU
		{EC2C42C4-4979-48C7-90EC-21F987D5A4E1}.Release|Any CPU.Build.0 = Release|Any CPU
	EndGlobalSection
	GlobalSection(SolutionProperties) = preSolution
		HideSolutionNode = FALSE
	EndGlobalSection
	GlobalSection(ExtensibilityGlobals) = postSolution
		SolutionGuid = {74450D4A-A841-42C8-AF36-2F1A6372DC7E}
	EndGlobalSection
EndGlobal
